{
  "lockfile-version": 1,
  "manifest": {
    "schema-version": "1.15.0",
    "install": {
      "act": {
        "pkg-path": "act",
        "version": "^0.2.89"
      },
      "bun": {
        "pkg-path": "bun",
        "version": "1.3.13"
      },
      "claude-code": {
        "pkg-path": "claude-code",
        "pkg-group": "claude-code",
        "version": "2.1.238"
      },
      "codex": {
        "pkg-path": "codex",
        "pkg-group": "codex",
        "version": "^0.149.0"
      },
      "curl": {
        "pkg-path": "curl",
        "version": "^8.21.0",
        "outputs": "all"
      },
      "gh": {
        "pkg-path": "gh",
        "version": "2.96.0"
      },
      "go-task": {
        "pkg-path": "go-task",
        "version": "^3.48.0"
      },
      "infer": {
        "flake": "github:inference-gateway/cli/v0.181.0"
      },
      "jq": {
        "pkg-path": "jq",
        "version": "^1.8.2",
        "outputs": "all"
      },
      "markdownlint-cli": {
        "pkg-path": "markdownlint-cli",
        "version": "^0.49.1"
      }
    },
    "hook": {
      "on-activate": "  bun install --frozen-lockfile\n"
    },
    "options": {}
  },
  "packages": [
    {
      "attr_path": "claude-code",
      "broken": false,
      "derivation": "/nix/store/1pk8z3lpf4b902cfki2hj75pq7y4gsl2-claude-code-2.1.238.drv",
      "description": "Agentic coding tool that lives in your terminal, understands your codebase, and helps you code faster",
      "install_id": "claude-code",
      "license": "Unfree",
      "locked_url": "https://github.com/flox/nixpkgs?rev=56c02bc00adcf003215cc4bd996d6efaf4cff188",
      "name": "claude-code-2.1.238",
      "pname": "claude-code",
      "rev": "56c02bc00adcf003215cc4bd996d6efaf4cff188",
      "rev_count": 1060451,
      "rev_date": "2026-08-23T15:22:48Z",
      "scrape_date": "2026-08-25T04:56:36.841005Z",
      "stabilities": [
        "unstable"
      ],
      "unfree": true,
      "version": "2.1.238",
      "outputs_to_install": [
        "out"
      ],
      "outputs": {
        "out": "/nix/store/kjnmmrf7v36j58p28wfcxikqx95x360s-claude-code-2.1.238"
      },
      "system": "aarch64-darwin",
      "group": "claude-code",
      "priority": 5
    },
    {
      "attr_path": "claude-code",
      "broken": false,
      "derivation": "/nix/store/hmxbbx2fmz8dfz5zyhza7fdgpfg43sxg-claude-code-2.1.238.drv",
      "description": "Agentic coding tool that lives in your terminal, understands your codebase, and helps you code faster",
      "install_id": "claude-code",
      "license": "Unfree",
      "locked_url": "https://github.com/flox/nixpkgs?rev=56c02bc00adcf003215cc4bd996d6efaf4cff188",
      "name": "claude-code-2.1.238",
      "pname": "claude-code",
      "rev": "56c02bc00adcf003215cc4bd996d6efaf4cff188",
      "rev_count": 1060451,
      "rev_date": "2026-08-23T15:22:48Z",
      "scrape_date": "2026-08-25T05:27:21.992477Z",
      "stabilities": [
        "unstable"
      ],
      "unfree": true,
      "version": "2.1.238",
      "outputs_to_install": [
        "out"
      ],
      "outputs": {
        "out": "/nix/store/s88n98j5wn3mgav74nx46wlrvjzq1b9l-claude-code-2.1.238"
      },
      "system": "aarch64-linux",
      "group": "claude-code",
      "priority": 5
    },
    {
      "attr_path": "claude-code",
      "broken": false,
      "derivation": "/nix/store/myal77xjy2yldx80q552x1720zm28qfq-claude-code-2.1.238.drv",
      "description": "Agentic coding tool that lives in your terminal, understands your codebase, and helps you code faster",
      "install_id": "claude-code",
      "license": "Unfree",
      "locked_url": "https://github.com/flox/nixpkgs?rev=56c02bc00adcf003215cc4bd996d6efaf4cff188",
      "name": "claude-code-2.1.238",
      "pname": "claude-code",
      "rev": "56c02bc00adcf003215cc4bd996d6efaf4cff188",
      "rev_count": 1060451,
      "rev_date": "2026-08-23T15:22:48Z",
      "scrape_date": "2026-08-25T06:00:36.213524Z",
      "stabilities": [
        "unstable"
      ],
      "unfree": true,
      "version": "2.1.238",
      "outputs_to_install": [
        "out"
      ],
      "outputs": {
        "out": "/nix/store/kn3qc9ri2izd493mh78pmjlazk4610vq-claude-code-2.1.238"
      },
      "system": "x86_64-linux",
      "group": "claude-code",
      "priority": 5
    },
    {
      "attr_path": "codex",
      "broken": false,
      "derivation": "/nix/store/m87xv5vamv9vjazp4rbwyplaar5c9ppk-codex-0.149.0.drv",
      "description": "Lightweight coding agent that runs in your terminal",
      "install_id": "codex",
      "license": "Apache-2.0",
      "locked_url": "https://github.com/flox/nixpkgs?rev=56c02bc00adcf003215cc4bd996d6efaf4cff188",
      "name": "codex-0.149.0",
      "pname": "codex",
      "rev": "56c02bc00adcf003215cc4bd996d6efaf4cff188",
      "rev_count": 1060451,
      "rev_date": "2026-08-23T15:22:48Z",
      "scrape_date": "2026-08-25T04:56:36.883321Z",
      "stabilities": [
        "unstable"
      ],
      "unfree": false,
      "version": "0.149.0",
      "outputs_to_install": [
        "out"
      ],
      "outputs": {
        "out": "/nix/store/lq487899a3bnki85n99mbjd02yhky8iw-codex-0.149.0"
      },
      "system": "aarch64-darwin",
      "group": "codex",
      "priority": 5
    },
    {
      "attr_path": "codex",
      "broken": false,
      "derivation": "/nix/store/rdhiwxm2l7rm40l98yzzlbx7vq7cvhkc-codex-0.149.0.drv",
      "description": "Lightweight coding agent that runs in your terminal",
      "install_id": "codex",
      "license": "Apache-2.0",
      "locked_url": "https://github.com/flox/nixpkgs?rev=56c02bc00adcf003215cc4bd996d6efaf4cff188",
      "name": "codex-0.149.0",
      "pname": "codex",
      "rev": "56c02bc00adcf003215cc4bd996d6efaf4cff188",
      "rev_count": 1060451,
      "rev_date": "2026-08-23T15:22:48Z",
      "scrape_date": "2026-08-25T05:27:22.048318Z",
      "stabilities": [
        "unstable"
      ],
      "unfree": false,
      "version": "0.149.0",
      "outputs_to_install": [
        "out"
      ],
      "outputs": {
        "out": "/nix/store/qhgsjvd5ikr7k8rmi0fnipqh2pcqc412-codex-0.149.0"
      },
      "system": "aarch64-linux",
      "group": "codex",
      "priority": 5
    },
    {
      "attr_path": "codex",
      "broken": false,
      "derivation": "/nix/store/79jsrmcy0jpv89f9xws9h10dgr7i024x-codex-0.149.0.drv",
      "description": "Lightweight coding agent that runs in your terminal",
      "install_id": "codex",
      "license": "Apache-2.0",
      "locked_url": "https://github.com/flox/nixpkgs?rev=56c02bc00adcf003215cc4bd996d6efaf4cff188",
      "name": "codex-0.149.0",
      "pname": "codex",
      "rev": "56c02bc00adcf003215cc4bd996d6efaf4cff188",
      "rev_count": 1060451,
      "rev_date": "2026-08-23T15:22:48Z",
      "scrape_date": "2026-08-25T06:00:36.275045Z",
      "stabilities": [
        "unstable"
      ],
      "unfree": false,
      "version": "0.149.0",
      "outputs_to_install": [
        "out"
      ],
      "outputs": {
        "out": "/nix/store/al1ya5a2myhlvrwrgsiws3gyr621wa32-codex-0.149.0"
      },
      "system": "x86_64-linux",
      "group": "codex",
      "priority": 5
    },
    {
      "attr_path": "act",
      "broken": false,
      "derivation": "/nix/store/kj9ls4i653kbq4487aahpjhpad5j7x6p-act-0.2.89.drv",
      "description": "Run your GitHub Actions locally",
      "install_id": "act",
      "license": "MIT",
      "locked_url": "https://github.com/flox/nixpkgs?rev=1559d3daa3ecc813a650b79375ea61b6741b8746",
      "name": "act-0.2.89",
      "pname": "act",
      "rev": "1559d3daa3ecc813a650b79375ea61b6741b8746",
      "rev_count": 1044798,
      "rev_date": "2026-07-30T23:37:10Z",
      "scrape_date": "2026-08-01T04:54:10.197894Z",
      "stabilities": [
        "unstable"
      ],
      "unfree": false,
      "version": "0.2.89",
      "outputs_to_install": [
        "out"
      ],
      "outputs": {
        "out": "/nix/store/9r4n3z61s9zc94k15cn321fvamdrbvcn-act-0.2.89"
      },
      "system": "aarch64-darwin",
      "group": "toplevel",
      "priority": 5
    },
    {
      "attr_path": "act",
      "broken": false,
      "derivation": "/nix/store/rlkhk4frpaz5s2qkvpx82n47amk8wy2y-act-0.2.89.drv",
      "description": "Run your GitHub Actions locally",
      "install_id": "act",
      "license": "MIT",
      "locked_url": "https://github.com/flox/nixpkgs?rev=1559d3daa3ecc813a650b79375ea61b6741b8746",
      "name": "act-0.2.89",
      "pname": "act",
      "rev": "1559d3daa3ecc813a650b79375ea61b6741b8746",
      "rev_count": 1044798,
      "rev_date": "2026-07-30T23:37:10Z",
      "scrape_date": "2026-08-01T05:23:39.386555Z",
      "stabilities": [
        "unstable"
      ],
      "unfree": false,
      "version": "0.2.89",
      "outputs_to_install": [
        "out"
      ],
      "outputs": {
        "out": "/nix/store/jp880cq3byf2v5ci9sgfa8vwihq7a2hn-act-0.2.89"
      },
      "system": "aarch64-linux",
      "group": "toplevel",
      "priority": 5
    },
    {
      "attr_path": "act",
      "broken": false,
      "derivation": "/nix/store/miqy8p2syb26b7hpv6smjhgghkgl4ql8-act-0.2.89.drv",
      "description": "Run your GitHub Actions locally",
      "install_id": "act",
      "license": "MIT",
      "locked_url": "https://github.com/flox/nixpkgs?rev=1559d3daa3ecc813a650b79375ea61b6741b8746",
      "name": "act-0.2.89",
      "pname": "act",
      "rev": "1559d3daa3ecc813a650b79375ea61b6741b8746",
      "rev_count": 1044798,
      "rev_date": "2026-07-30T23:37:10Z",
      "scrape_date": "2026-08-01T05:57:17.599583Z",
      "stabilities": [
        "unstable"
      ],
      "unfree": false,
      "version": "0.2.89",
      "outputs_to_install": [
        "out"
      ],
      "outputs": {
        "out": "/nix/store/3cw87pp2phpximw34ssdcdz1qq1zlnnk-act-0.2.89"
      },
      "system": "x86_64-linux",
      "group": "toplevel",
      "priority": 5
    },
    {
      "attr_path": "bun",
      "broken": false,
      "derivation": "/nix/store/2igxa3lq9zzhq3dhp77z813jh1wq3yb5-bun-1.3.13.drv",
      "description": "Incredibly fast JavaScript runtime, bundler, transpiler and package manager – all in one",
      "install_id": "bun",
      "license": "[ MIT, LGPL-2.1-only ]",
      "locked_url": "https://github.com/flox/nixpkgs?rev=1559d3daa3ecc813a650b79375ea61b6741b8746",
      "name": "bun-1.3.13",
      "pname": "bun",
      "rev": "1559d3daa3ecc813a650b79375ea61b6741b8746",
      "rev_count": 1044798,
      "rev_date": "2026-07-30T23:37:10Z",
      "scrape_date": "2026-08-01T04:54:10.445581Z",
      "stabilities": [
        "unstable"
      ],
      "unfree": false,
      "version": "1.3.13",
      "outputs_to_install": [
        "out"
      ],
      "outputs": {
        "out": "/nix/store/47hbvqy9am0l7103p018rpk9mqcrmbg8-bun-1.3.13"
      },
      "system": "aarch64-darwin",
      "group": "toplevel",
      "priority": 5
    },
    {
      "attr_path": "bun",
      "broken": false,
      "derivation": "/nix/store/8gn0a6zhhz1rhh5px7ksgj8gggvrx7v2-bun-1.3.13.drv",
      "description": "Incredibly fast JavaScript runtime, bundler, transpiler and package manager – all in one",
      "install_id": "bun",
      "license": "[ MIT, LGPL-2.1-only ]",
      "locked_url": "https://github.com/flox/nixpkgs?rev=1559d3daa3ecc813a650b79375ea61b6741b8746",
      "name": "bun-1.3.13",
      "pname": "bun",
      "rev": "1559d3daa3ecc813a650b79375ea61b6741b8746",
      "rev_count": 1044798,
      "rev_date": "2026-07-30T23:37:10Z",
      "scrape_date": "2026-08-01T05:23:39.703138Z",
      "stabilities": [
        "unstable"
      ],
      "unfree": false,
      "version": "1.3.13",
      "outputs_to_install": [
        "out"
      ],
      "outputs": {
        "out": "/nix/store/ia99fsq757ifpq8c52llq2v17aidxmnn-bun-1.3.13"
      },
      "system": "aarch64-linux",
      "group": "toplevel",
      "priority": 5
    },
    {
      "attr_path": "bun",
      "broken": false,
      "derivation": "/nix/store/a88y11ch63sln0wx1xb4r4a893k5czn0-bun-1.3.13.drv",
      "description": "Incredibly fast JavaScript runtime, bundler, transpiler and package manager – all in one",
      "install_id": "bun",
      "license": "[ MIT, LGPL-2.1-only ]",
      "locked_url": "https://github.com/flox/nixpkgs?rev=1559d3daa3ecc813a650b79375ea61b6741b8746",
      "name": "bun-1.3.13",
      "pname": "bun",
      "rev": "1559d3daa3ecc813a650b79375ea61b6741b8746",
      "rev_count": 1044798,
      "rev_date": "2026-07-30T23:37:10Z",
      "scrape_date": "2026-08-01T05:57:17.957698Z",
      "stabilities": [
        "unstable"
      ],
      "unfree": false,
      "version": "1.3.13",
      "outputs_to_install": [
        "out"
      ],
      "outputs": {
        "out": "/nix/store/fs2axbvhmim3y1dwzpf5mh56569h15df-bun-1.3.13"
      },
      "system": "x86_64-linux",
      "group": "toplevel",
      "priority": 5
    },
    {
      "attr_path": "curl",
      "broken": false,
      "derivation": "/nix/store/bmhj6lj7z5ricl6299d3xksqddj15wk9-curl-8.21.0.drv",
      "description": "Command line tool for transferring files with URL syntax",
      "install_id": "curl",
      "license": "curl",
      "locked_url": "https://github.com/flox/nixpkgs?rev=1559d3daa3ecc813a650b79375ea61b6741b8746",
      "name": "curl-8.21.0",
      "pname": "curl",
      "rev": "1559d3daa3ecc813a650b79375ea61b6741b8746",
      "rev_count": 1044798,
      "rev_date": "2026-07-30T23:37:10Z",
      "scrape_date": "2026-08-01T04:54:10.798464Z",
      "stabilities": [
        "unstable"
      ],
      "unfree": false,
      "version": "8.21.0",
      "outputs_to_install": [
        "bin",
        "bin",
        "bin",
        "man",
        "man",
        "man"
      ],
      "outputs": {
        "bin": "/nix/store/3bzkqdpill3bw1r0khgabicfds4rffaj-curl-8.21.0-bin",
        "dev": "/nix/store/mpsnbqwcv8kzscnfp5f2k5ynf9ns05dv-curl-8.21.0-dev",
        "devdoc": "/nix/store/jjjwgmj9cipvp9sfldisbh2n3k2r6n3h-curl-8.21.0-devdoc",
        "man": "/nix/store/6r7yfpqp0mbc2n1qvj9vq6n29kx6b3xd-curl-8.21.0-man",
        "out": "/nix/store/ilwz5fsw9vyn0l8z6l2sa2gmiiicdyk3-curl-8.21.0"
      },
      "system": "aarch64-darwin",
      "group": "toplevel",
      "priority": 5
    },
    {
      "attr_path": "curl",
      "broken": false,
      "derivation": "/nix/store/5m837hkv105a9b8a7xkv60773afcyl4k-curl-8.21.0.drv",
      "description": "Command line tool for transferring files with URL syntax",
      "install_id": "curl",
      "license": "curl",
      "locked_url": "https://github.com/flox/nixpkgs?rev=1559d3daa3ecc813a650b79375ea61b6741b8746",
      "name": "curl-8.21.0",
      "pname": "curl",
      "rev": "1559d3daa3ecc813a650b79375ea61b6741b8746",
      "rev_count": 1044798,
      "rev_date": "2026-07-30T23:37:10Z",
      "scrape_date": "2026-08-01T05:23:40.183451Z",
      "stabilities": [
        "unstable"
      ],
      "unfree": false,
      "version": "8.21.0",
      "outputs_to_install": [
        "bin",
        "bin",
        "man",
        "man"
      ],
      "outputs": {
        "bin": "/nix/store/nzw3bi83arcfpzbwa7vqa3acnwm513q1-curl-8.21.0-bin",
        "debug": "/nix/store/w052ydlz2kqc4rxcsdi9sfdiypahcx16-curl-8.21.0-debug",
        "dev": "/nix/store/k623mwvk1salfiz3fa6j1ckg7k25kzlq-curl-8.21.0-dev",
        "devdoc": "/nix/store/jjfw8nshbfcyhvb975z8wdxnz05b0bkg-curl-8.21.0-devdoc",
        "man": "/nix/store/jm9xyf8d150fk8rb4392wlx93pnqyfw8-curl-8.21.0-man",
        "out": "/nix/store/i644qglj29sii7d66lm4garmsas1ayv2-curl-8.21.0"
      },
      "system": "aarch64-linux",
      "group": "toplevel",
      "priority": 5
    },
    {
      "attr_path": "curl",
      "broken": false,
      "derivation": "/nix/store/4ni0jvdv125369h2mw7x1k1fz06mh9m1-curl-8.21.0.drv",
      "description": "Command line tool for transferring files with URL syntax",
      "install_id": "curl",
      "license": "curl",
      "locked_url": "https://github.com/flox/nixpkgs?rev=1559d3daa3ecc813a650b79375ea61b6741b8746",
      "name": "curl-8.21.0",
      "pname": "curl",
      "rev": "1559d3daa3ecc813a650b79375ea61b6741b8746",
      "rev_count": 1044798,
      "rev_date": "2026-07-30T23:37:10Z",
      "scrape_date": "2026-08-01T05:57:18.491206Z",
      "stabilities": [
        "unstable"
      ],
      "unfree": false,
      "version": "8.21.0",
      "outputs_to_install": [
        "bin",
        "bin",
        "bin",
        "bin",
        "man",
        "man",
        "man",
        "man"
      ],
      "outputs": {
        "bin": "/nix/store/54yn2hdk3bnw4yl1xc01qm4y4laaggcr-curl-8.21.0-bin",
        "debug": "/nix/store/v2swr9bs378wixgnch92si830n6hpkzk-curl-8.21.0-debug",
        "dev": "/nix/store/7h2551cdljgxxxqdmhw92as663nwafz3-curl-8.21.0-dev",
        "devdoc": "/nix/store/7b9jal888cr1g4rh37xnk9hbic8wf3m5-curl-8.21.0-devdoc",
        "man": "/nix/store/lrqrg1wa7hl1409bpxfk934vpcg5dpnx-curl-8.21.0-man",
        "out": "/nix/store/sfcwbxpkp0l1r1xvv1s57a5bmv3m53zr-curl-8.21.0"
      },
      "system": "x86_64-linux",
      "group": "toplevel",
      "priority": 5
    },
    {
      "attr_path": "gh",
      "broken": false,
      "derivation": "/nix/store/kp31b7sghjpd1xvrdv2gh8q44xa3hyvb-gh-2.96.0.drv",
      "description": "GitHub CLI tool",
      "install_id": "gh",
      "license": "MIT",
      "locked_url": "https://github.com/flox/nixpkgs?rev=1559d3daa3ecc813a650b79375ea61b6741b8746",
      "name": "gh-2.96.0",
      "pname": "gh",
      "rev": "1559d3daa3ecc813a650b79375ea61b6741b8746",
      "rev_count": 1044798,
      "rev_date": "2026-07-30T23:37:10Z",
      "scrape_date": "2026-08-01T04:54:11.534409Z",
      "stabilities": [
        "unstable"
      ],
      "unfree": false,
      "version": "2.96.0",
      "outputs_to_install": [
        "out"
      ],
      "outputs": {
        "out": "/nix/store/fc59sg6h20yvm9hh589zawj0n4xvjkyv-gh-2.96.0"
      },
      "system": "aarch64-darwin",
      "group": "toplevel",
      "priority": 5
    },
    {
      "attr_path": "gh",
      "broken": false,
      "derivation": "/nix/store/xfcaqab82cg51rh2qadhj3csf1lwaawl-gh-2.96.0.drv",
      "description": "GitHub CLI tool",
      "install_id": "gh",
      "license": "MIT",
      "locked_url": "https://github.com/flox/nixpkgs?rev=1559d3daa3ecc813a650b79375ea61b6741b8746",
      "name": "gh-2.96.0",
      "pname": "gh",
      "rev": "1559d3daa3ecc813a650b79375ea61b6741b8746",
      "rev_count": 1044798,
      "rev_date": "2026-07-30T23:37:10Z",
      "scrape_date": "2026-08-01T05:23:41.215671Z",
      "stabilities": [
        "unstable"
      ],
      "unfree": false,
      "version": "2.96.0",
      "outputs_to_install": [
        "out"
      ],
      "outputs": {
        "out": "/nix/store/hhli6yr6kkcqb24v5rjw4wdi3dabbp2s-gh-2.96.0"
      },
      "system": "aarch64-linux",
      "group": "toplevel",
      "priority": 5
    },
    {
      "attr_path": "gh",
      "broken": false,
      "derivation": "/nix/store/zrj7qydwvjn846fmq5ca1hs5ny84qapm-gh-2.96.0.drv",
      "description": "GitHub CLI tool",
      "install_id": "gh",
      "license": "MIT",
      "locked_url": "https://github.com/flox/nixpkgs?rev=1559d3daa3ecc813a650b79375ea61b6741b8746",
      "name": "gh-2.96.0",
      "pname": "gh",
      "rev": "1559d3daa3ecc813a650b79375ea61b6741b8746",
      "rev_count": 1044798,
      "rev_date": "2026-07-30T23:37:10Z",
      "scrape_date": "2026-08-01T05:57:19.672457Z",
      "stabilities": [
        "unstable"
      ],
      "unfree": false,
      "version": "2.96.0",
      "outputs_to_install": [
        "out"
      ],
      "outputs": {
        "out": "/nix/store/9jyx6hrsjdcjx1gxmipj45bij5vzvq19-gh-2.96.0"
      },
      "system": "x86_64-linux",
      "group": "toplevel",
      "priority": 5
    },
    {
      "attr_path": "go-task",
      "broken": false,
      "derivation": "/nix/store/kfd964qk94iq0w2npnd5bq20676mpwbw-go-task-3.48.0.drv",
      "description": "Task runner / simpler Make alternative written in Go",
      "install_id": "go-task",
      "license": "MIT",
      "locked_url": "https://github.com/flox/nixpkgs?rev=1559d3daa3ecc813a650b79375ea61b6741b8746",
      "name": "go-task-3.48.0",
      "pname": "go-task",
      "rev": "1559d3daa3ecc813a650b79375ea61b6741b8746",
      "rev_count": 1044798,
      "rev_date": "2026-07-30T23:37:10Z",
      "scrape_date": "2026-08-01T04:54:11.750496Z",
      "stabilities": [
        "unstable"
      ],
      "unfree": false,
      "version": "3.48.0",
      "outputs_to_install": [
        "out"
      ],
      "outputs": {
        "out": "/nix/store/prnwf8ghn6h265k1xi7cvdm39ml29bn6-go-task-3.48.0"
      },
      "system": "aarch64-darwin",
      "group": "toplevel",
      "priority": 5
    },
    {
      "attr_path": "go-task",
      "broken": false,
      "derivation": "/nix/store/an8j9asr688pka2gb5ijjwjvsf1rj1ir-go-task-3.48.0.drv",
      "description": "Task runner / simpler Make alternative written in Go",
      "install_id": "go-task",
      "license": "MIT",
      "locked_url": "https://github.com/flox/nixpkgs?rev=1559d3daa3ecc813a650b79375ea61b6741b8746",
      "name": "go-task-3.48.0",
      "pname": "go-task",
      "rev": "1559d3daa3ecc813a650b79375ea61b6741b8746",
      "rev_count": 1044798,
      "rev_date": "2026-07-30T23:37:10Z",
      "scrape_date": "2026-08-01T05:23:42.106090Z",
      "stabilities": [
        "unstable"
      ],
      "unfree": false,
      "version": "3.48.0",
      "outputs_to_install": [
        "out"
      ],
      "outputs": {
        "out": "/nix/store/iyipshrjb0av8j12j036ad7jjyzjbrvl-go-task-3.48.0"
      },
      "system": "aarch64-linux",
      "group": "toplevel",
      "priority": 5
    },
    {
      "attr_path": "go-task",
      "broken": false,
      "derivation": "/nix/store/vv8rmcy4dkxq7vbsgvn8haj0vlvcf9ms-go-task-3.48.0.drv",
      "description": "Task runner / simpler Make alternative written in Go",
      "install_id": "go-task",
      "license": "MIT",
      "locked_url": "https://github.com/flox/nixpkgs?rev=1559d3daa3ecc813a650b79375ea61b6741b8746",
      "name": "go-task-3.48.0",
      "pname": "go-task",
      "rev": "1559d3daa3ecc813a650b79375ea61b6741b8746",
      "rev_count": 1044798,
      "rev_date": "2026-07-30T23:37:10Z",
      "scrape_date": "2026-08-01T05:57:20.633404Z",
      "stabilities": [
        "unstable"
      ],
      "unfree": false,
      "version": "3.48.0",
      "outputs_to_install": [
        "out"
      ],
      "outputs": {
        "out": "/nix/store/w3qpy77hf7ai4f08iv0phy13ls7mc2i0-go-task-3.48.0"
      },
      "system": "x86_64-linux",
      "group": "toplevel",
      "priority": 5
    },
    {
      "attr_path": "jq",
      "broken": false,
      "derivation": "/nix/store/662cqsdyrr29anrxi3bawiic1dya25vz-jq-1.8.2.drv",
      "description": "Lightweight and flexible command-line JSON processor",
      "install_id": "jq",
      "license": "MIT",
      "locked_url": "https://github.com/flox/nixpkgs?rev=1559d3daa3ecc813a650b79375ea61b6741b8746",
      "name": "jq-1.8.2",
      "pname": "jq",
      "rev": "1559d3daa3ecc813a650b79375ea61b6741b8746",
      "rev_count": 1044798,
      "rev_date": "2026-07-30T23:37:10Z",
      "scrape_date": "2026-08-01T04:54:26.959328Z",
      "stabilities": [
        "unstable"
      ],
      "unfree": false,
      "version": "1.8.2",
      "outputs_to_install": [
        "bin",
        "man"
      ],
      "outputs": {
        "bin": "/nix/store/1fi2mymhcrnjf4cz0z69plamcdqfnary-jq-1.8.2-bin",
        "dev": "/nix/store/i8qqb6bphlk58b71077fmadwbq15f1fx-jq-1.8.2-dev",
        "doc": "/nix/store/g2j9dyv54j9cdil6ixmwhcmk9p1hs4p4-jq-1.8.2-doc",
        "man": "/nix/store/yl5bdw2pcn90ldqq7r3siwv9wbbkwd8v-jq-1.8.2-man",
        "out": "/nix/store/swk3im3b74m5mq3fz70liv0a41gq5bg9-jq-1.8.2"
      },
      "system": "aarch64-darwin",
      "group": "toplevel",
      "priority": 5
    },
    {
      "attr_path": "jq",
      "broken": false,
      "derivation": "/nix/store/8bynl1f9v1983dpbx63b474fd7b7fdp9-jq-1.8.2.drv",
      "description": "Lightweight and flexible command-line JSON processor",
      "install_id": "jq",
      "license": "MIT",
      "locked_url": "https://github.com/flox/nixpkgs?rev=1559d3daa3ecc813a650b79375ea61b6741b8746",
      "name": "jq-1.8.2",
      "pname": "jq",
      "rev": "1559d3daa3ecc813a650b79375ea61b6741b8746",
      "rev_count": 1044798,
      "rev_date": "2026-07-30T23:37:10Z",
      "scrape_date": "2026-08-01T05:24:01.383168Z",
      "stabilities": [
        "unstable"
      ],
      "unfree": false,
      "version": "1.8.2",
      "outputs_to_install": [
        "bin",
        "bin",
        "man"
      ],
      "outputs": {
        "bin": "/nix/store/l18as28b4wwqds62yqci9l8xhhdhf78l-jq-1.8.2-bin",
        "dev": "/nix/store/n82y4hrj0kzw66q0c630r72a2vkf21p8-jq-1.8.2-dev",
        "doc": "/nix/store/5dq5m09dlqhm2nxaxqqmffdhzy7sp809-jq-1.8.2-doc",
        "man": "/nix/store/d4213dzz6zg89ga8dbnia2hjbzdcrdfh-jq-1.8.2-man",
        "out": "/nix/store/97hmn17vbpx0l0wbi4jc6hwr3pyy2zz3-jq-1.8.2"
      },
      "system": "aarch64-linux",
      "group": "toplevel",
      "priority": 5
    },
    {
      "attr_path": "jq",
      "broken": false,
      "derivation": "/nix/store/0c2zaknqx4axpdaa712f4shqs66sy6zm-jq-1.8.2.drv",
      "description": "Lightweight and flexible command-line JSON processor",
      "install_id": "jq",
      "license": "MIT",
      "locked_url": "https://github.com/flox/nixpkgs?rev=1559d3daa3ecc813a650b79375ea61b6741b8746",
      "name": "jq-1.8.2",
      "pname": "jq",
      "rev": "1559d3daa3ecc813a650b79375ea61b6741b8746",
      "rev_count": 1044798,
      "rev_date": "2026-07-30T23:37:10Z",
      "scrape_date": "2026-08-01T05:57:40.718159Z",
      "stabilities": [
        "unstable"
      ],
      "unfree": false,
      "version": "1.8.2",
      "outputs_to_install": [
        "bin",
        "bin",
        "man"
      ],
      "outputs": {
        "bin": "/nix/store/qqd37kj25f68wxmr9rg05850y9daxbrp-jq-1.8.2-bin",
        "dev": "/nix/store/k39ljkrhbwjb1mahd45zk2w4x34d1345-jq-1.8.2-dev",
        "doc": "/nix/store/gygm29lm9w8c392lrk5a94izcghnk0n4-jq-1.8.2-doc",
        "man": "/nix/store/9bgnz6r8fb7kk09dzz94wf13lkz2rbbq-jq-1.8.2-man",
        "out": "/nix/store/s75d4pw16pipr7xqczdw3mg5950cr8mk-jq-1.8.2"
      },
      "system": "x86_64-linux",
      "group": "toplevel",
      "priority": 5
    },
    {
      "attr_path": "markdownlint-cli",
      "broken": false,
      "derivation": "/nix/store/704jv6wchkghqxr4q1613d0kr9mvj5z3-markdownlint-cli-0.49.1.drv",
      "description": "Command line interface for MarkdownLint",
      "install_id": "markdownlint-cli",
      "license": "MIT",
      "locked_url": "https://github.com/flox/nixpkgs?rev=1559d3daa3ecc813a650b79375ea61b6741b8746",
      "name": "markdownlint-cli-0.49.1",
      "pname": "markdownlint-cli",
      "rev": "1559d3daa3ecc813a650b79375ea61b6741b8746",
      "rev_count": 1044798,
      "rev_date": "2026-07-30T23:37:10Z",
      "scrape_date": "2026-08-01T04:54:32.184159Z",
      "stabilities": [
        "unstable"
      ],
      "unfree": false,
      "version": "0.49.1",
      "outputs_to_install": [
        "out"
      ],
      "outputs": {
        "out": "/nix/store/7v4l7hy2jr50d6aaxrwwlbyn2md0vv6c-markdownlint-cli-0.49.1"
      },
      "system": "aarch64-darwin",
      "group": "toplevel",
      "priority": 5
    },
    {
      "attr_path": "markdownlint-cli",
      "broken": false,
      "derivation": "/nix/store/9lm7lmd7d2pw422dvkc5h66zwp57c8d8-markdownlint-cli-0.49.1.drv",
      "description": "Command line interface for MarkdownLint",
      "install_id": "markdownlint-cli",
      "license": "MIT",
      "locked_url": "https://github.com/flox/nixpkgs?rev=1559d3daa3ecc813a650b79375ea61b6741b8746",
      "name": "markdownlint-cli-0.49.1",
      "pname": "markdownlint-cli",
      "rev": "1559d3daa3ecc813a650b79375ea61b6741b8746",
      "rev_count": 1044798,
      "rev_date": "2026-07-30T23:37:10Z",
      "scrape_date": "2026-08-01T05:24:13.262244Z",
      "stabilities": [
        "unstable"
      ],
      "unfree": false,
      "version": "0.49.1",
      "outputs_to_install": [
        "out"
      ],
      "outputs": {
        "out": "/nix/store/8zh7wy22ybba11nj0qx2qvcd7nw7cd7w-markdownlint-cli-0.49.1"
      },
      "system": "aarch64-linux",
      "group": "toplevel",
      "priority": 5
    },
    {
      "attr_path": "markdownlint-cli",
      "broken": false,
      "derivation": "/nix/store/i66s5rp2g0ssjscz4i1zv2sd01zdvqm0-markdownlint-cli-0.49.1.drv",
      "description": "Command line interface for MarkdownLint",
      "install_id": "markdownlint-cli",
      "license": "MIT",
      "locked_url": "https://github.com/flox/nixpkgs?rev=1559d3daa3ecc813a650b79375ea61b6741b8746",
      "name": "markdownlint-cli-0.49.1",
      "pname": "markdownlint-cli",
      "rev": "1559d3daa3ecc813a650b79375ea61b6741b8746",
      "rev_count": 1044798,
      "rev_date": "2026-07-30T23:37:10Z",
      "scrape_date": "2026-08-01T05:57:54.264392Z",
      "stabilities": [
        "unstable"
      ],
      "unfree": false,
      "version": "0.49.1",
      "outputs_to_install": [
        "out"
      ],
      "outputs": {
        "out": "/nix/store/c3n66hw8x9yn04hj2i9vl8nfwjd0wmin-markdownlint-cli-0.49.1"
      },
      "system": "x86_64-linux",
      "group": "toplevel",
      "priority": 5
    },
    {
      "install_id": "infer",
      "locked-url": "github:inference-gateway/cli/49c281e174959b2f6d3818d57e96567c7fb75259?narHash=sha256-48P4zR%2BUbU/fi9eujrE%2BhCHRLKfL7r9foFBvR9mHrJ4%3D",
      "flake-description": "Inference Gateway CLI - infer",
      "locked-flake-attr-path": "packages.aarch64-darwin.default",
      "derivation": "/nix/store/2shpg0p7clyzsl1x2nqjbbqchpji630c-infer-0.181.0.drv",
      "outputs": {
        "out": "/nix/store/b60498vz2d7cm4n0jy44kmmq1j143dfd-infer-0.181.0"
      },
      "output-names": [
        "out"
      ],
      "outputs-to-install": [
        "out"
      ],
      "requested-outputs-to-install": [],
      "package-system": "aarch64-darwin",
      "system": "aarch64-darwin",
      "name": "infer-0.181.0",
      "pname": "infer",
      "version": "0.181.0",
      "description": "Command-line interface for the Inference Gateway - AI model interaction manager",
      "licenses": [
        "MIT"
      ],
      "broken": false,
      "unfree": false,
      "priority": 5
    },
    {
      "install_id": "infer",
      "locked-url": "github:inference-gateway/cli/49c281e174959b2f6d3818d57e96567c7fb75259?narHash=sha256-48P4zR%2BUbU/fi9eujrE%2BhCHRLKfL7r9foFBvR9mHrJ4%3D",
      "flake-description": "Inference Gateway CLI - infer",
      "locked-flake-attr-path": "packages.aarch64-linux.default",
      "derivation": "/nix/store/4j3qrngjqm9pkr70d790i6rz3gkmjdq2-infer-0.181.0.drv",
      "outputs": {
        "out": "/nix/store/qgd15x68lzy42gnp88hzhnqv8q8r04gs-infer-0.181.0"
      },
      "output-names": [
        "out"
      ],
      "outputs-to-install": [
        "out"
      ],
      "requested-outputs-to-install": [],
      "package-system": "aarch64-linux",
      "system": "aarch64-linux",
      "name": "infer-0.181.0",
      "pname": "infer",
      "version": "0.181.0",
      "description": "Command-line interface for the Inference Gateway - AI model interaction manager",
      "licenses": [
        "MIT"
      ],
      "broken": false,
      "unfree": false,
      "priority": 5
    },
    {
      "install_id": "infer",
      "locked-url": "github:inference-gateway/cli/49c281e174959b2f6d3818d57e96567c7fb75259?narHash=sha256-48P4zR%2BUbU/fi9eujrE%2BhCHRLKfL7r9foFBvR9mHrJ4%3D",
      "flake-description": "Inference Gateway CLI - infer",
      "locked-flake-attr-path": "packages.x86_64-linux.default",
      "derivation": "/nix/store/09dclh3ardgm35l92d578im5mx4fw7gq-infer-0.181.0.drv",
      "outputs": {
        "out": "/nix/store/b66fbi1lnky86nq9nqlkvm2mks5lq9jj-infer-0.181.0"
      },
      "output-names": [
        "out"
      ],
      "outputs-to-install": [
        "out"
      ],
      "requested-outputs-to-install": [],
      "package-system": "x86_64-linux",
      "system": "x86_64-linux",
      "name": "infer-0.181.0",
      "pname": "infer",
      "version": "0.181.0",
      "description": "Command-line interface for the Inference Gateway - AI model interaction manager",
      "licenses": [
        "MIT"
      ],
      "broken": false,
      "unfree": false,
      "priority": 5
    }
  ]
}
